# THIS IS AN AUTOGENERATED FILE. DO NOT EDIT THIS FILE DIRECTLY.
# yarn lockfile v1


bs-platform@^7.2.2:
  version "7.2.2"
  resolved "https://registry.npmjs.org/bs-platform/-/bs-platform-7.2.2.tgz#76fdc63e4889458ae3d257a0132107a792f2309c"
  integrity sha512-PWcFfN+jCTtT/rMaHDhKh+W9RUTpaRunmSF9vbLYcrJbpgCNW6aFKAY33u0P3mLxwuhshN3b4FxqGUBPj6exZQ==

bs-webapi@^0.15.9:
  version "0.15.9"
  resolved "https://registry.npmjs.org/bs-webapi/-/bs-webapi-0.15.9.tgz#d1dcfbd40499a3b0914daacc4ceef47a0f3c906f"
  integrity sha512-bmzO6na2HmK01a34qB7afMwfVSrPxkP3EGzUslWObuxbHIlLC0PAMDu4lA8ZL5NasBUctlwnA1QZxox+1aNWWw==
